
Microsoft Visual Studio Solution File, Format Version 12.00
# Visual Studio Version 17
VisualStudioVersion = 17.5.33424.131
MinimumVisualStudioVersion = 10.0.40219.1
Project("{9A19103F-16F7-4668-BE54-9A1E7A4F7556}") = "TAL.API", "API\TAL.API.csproj", "{EFCF6C21-A720-496C-8EA1-9435FEE33B9D}"
EndProject
Project("{FAE04EC0-301F-11D3-BF4B-00C04F79EFBC}") = "TAL.Data", "Data\TAL.Data.csproj", "{E3D6B1EE-9D05-4D37-B780-BD92C27BCC2F}"
EndProject
Project("{FAE04EC0-301F-11D3-BF4B-00C04F79EFBC}") = "TAL.Testing", "TAL.Testing\TAL.Testing.csproj", "{7239A22C-D087-414B-BCC4-9C7712BDFA65}"
EndProject
Global
	GlobalSection(SolutionConfigurationPlatforms) = preSolution
		Debug|Any CPU = Debug|Any CPU
		Release|Any CPU = Release|Any CPU
	EndGlobalSection
	GlobalSection(ProjectConfigurationPlatforms) = postSolution
		{EFCF6C21-A720-496C-8EA1-9435FEE33B9D}.Debug|Any CPU.ActiveCfg = Debug|Any CPU
		{EFCF6C21-A720-496C-8EA1-9435FEE33B9D}.Debug|Any CPU.Build.0 = Debug|Any CPU
		{EFCF6C21-A720-496C-8EA1-9435FEE33B9D}.Release|Any CPU.ActiveCfg = Release|Any CPU
		{EFCF6C21-A720-496C-8EA1-9435FEE33B9D}.Release|Any CPU.Build.0 = Release|Any CPU
		{E3D6B1EE-9D05-4D37-B780-BD92C27BCC2F}.Debug|Any CPU.ActiveCfg = Debug|Any CPU
		{E3D6B1EE-9D05-4D37-B780-BD92C27BCC2F}.Debug|Any CPU.Build.0 = Debug|Any CPU
		{E3D6B1EE-9D05-4D37-B780-BD92C27BCC2F}.Release|Any CPU.ActiveCfg = Release|Any CPU
		{E3D6B1EE-9D05-4D37-B780-BD92C27BCC2F}.Release|Any CPU.Build.0 = Release|Any CPU
		{7239A22C-D087-414B-BCC4-9C7712BDFA65}.Debug|Any CPU.ActiveCfg = Debug|Any CPU
		{7239A22C-D087-414B-BCC4-9C7712BDFA65}.Debug|Any CPU.Build.0 = Debug|Any CPU
		{7239A22C-D087-414B-BCC4-9C7712BDFA65}.Release|Any CPU.ActiveCfg = Release|Any CPU
		{7239A22C-D087-414B-BCC4-9C7712BDFA65}.Release|Any CPU.Build.0 = Release|Any CPU
	EndGlobalSection
	GlobalSection(SolutionProperties) = preSolution
		HideSolutionNode = FALSE
	EndGlobalSection
	GlobalSection(ExtensibilityGlobals) = postSolution
		SolutionGuid = {8C3F6D90-DC0E-4F52-B858-2E140ECD3115}
	EndGlobalSection
EndGlobal
